
Microsoft Visual Studio Solution File, Format Version 12.00
# Visual Studio Version 17
VisualStudioVersion = 17.4.33403.182
MinimumVisualStudioVersion = 10.0.40219.1
Project("{FAE04EC0-301F-11D3-BF4B-00C04F79EFBC}") = "Organizations IT Problem complain management", "Organizations IT Problem complain management.csproj", "{A03DD6AD-1766-4B57-A497-8557DAC0BDA8}"
EndProject
Global
	GlobalSection(SolutionConfigurationPlatforms) = preSolution
		Debug|Any CPU = Debug|Any CPU
		Release|Any CPU = Release|Any CPU
	EndGlobalSection
	GlobalSection(ProjectConfigurationPlatforms) = postSolution
		{A03DD6AD-1766-4B57-A497-8557DAC0BDA8}.Debug|Any CPU.ActiveCfg = Debug|Any CPU
		{A03DD6AD-1766-4B57-A497-8557DAC0BDA8}.Debug|Any CPU.Build.0 = Debug|Any CPU
		{A03DD6AD-1766-4B57-A497-8557DAC0BDA8}.Release|Any CPU.ActiveCfg = Release|Any CPU
		{A03DD6AD-1766-4B57-A497-8557DAC0BDA8}.Release|Any CPU.Build.0 = Release|Any CPU
	EndGlobalSection
	GlobalSection(SolutionProperties) = preSolution
		HideSolutionNode = FALSE
	EndGlobalSection
	GlobalSection(ExtensibilityGlobals) = postSolution
		SolutionGuid = {EE08FED1-1034-46FE-9BB9-86C8BB1C1546}
	EndGlobalSection
EndGlobal
